{
  "version": "5",
  "remote": {
    "https://edge.netlify.com/": "fd941d61d88673d5f28aab283fb86fcc50f08a3bc80ee5470498fcfa88c65cfb",
    "https://edge.netlify.com/bootstrap/config.ts": "6a2ce0e544e15e8f8883a5c18da5948e37fd0f2619f68cb31f3af53c51817025",
    "https://edge.netlify.com/bootstrap/context.ts": "e97240232121e2f369f6546ce961490f34d961ea1ea54be3ff09633e3f08373f",
    "https://edge.netlify.com/bootstrap/cookie.ts": "8b0baae708989ca183c6f3b4ab3d029e6abcbc2e43f93edeb0ff447b3bbc3a05",
    "https://edge.netlify.com/bootstrap/edge_function.ts": "b8253e86aa83c67341f5cfedeba5049d77fbf84dcab7eceff7566b7728ae9b39",
    "https://edge.netlify.com/bootstrap/globals/types.ts": "eaa6148ded3121d8dee62dd91c86e7fe76601df0f3ca8d7962243a30f4c8935f"
  },
  "workspace": {
    "packageJson": {
      "dependencies": [
        "npm:@astrojs/check@~0.9.4",
        "npm:@astrojs/markdoc@0.15",
        "npm:@astrojs/netlify@^6.6.3",
        "npm:@astrojs/react@^4.4.2",
        "npm:@astrojs/rss@4.0.14",
        "npm:@astrojs/sitemap@3.6.0",
        "npm:@astrojs/tailwind@^6.0.2",
        "npm:@astrojs/vercel@^7.8.2",
        "npm:@eslint/markdown@^7.5.0",
        "npm:@iconify-json/bi@^1.2.4",
        "npm:@iconify-json/game-icons@^1.2.3",
        "npm:@iconify-json/mdi@^1.2.3",
        "npm:@iconify-json/simple-icons@^1.2.43",
        "npm:@keystar/ui@~0.7.19",
        "npm:@keystatic/astro@^5.0.6",
        "npm:@keystatic/core@~0.5.48",
        "npm:@markdoc/markdoc@~0.5.4",
        "npm:@netlify/functions@^5.1.0",
        "npm:@pagefind/default-ui@^1.3.0",
        "npm:@reach/router@^1.3.4",
        "npm:@tailwindcss/aspect-ratio@~0.4.2",
        "npm:@tailwindcss/typography@~0.5.10",
        "npm:@types/eslint@^9.6.1",
        "npm:@types/lodash@^4.17.20",
        "npm:@types/node@^24.10.0",
        "npm:@types/react-dom@19.1.6",
        "npm:@types/react@19.1.8",
        "npm:@typescript-eslint/eslint-plugin@^8.37.0",
        "npm:@typescript-eslint/parser@^8.37.0",
        "npm:@vite-pwa/astro@^1.2.0",
        "npm:astro-eslint-parser@^1.2.2",
        "npm:astro-icon@^1.1.5",
        "npm:astro@5.16.4",
        "npm:autoprefixer@^10.4.17",
        "npm:dotenv@^17.2.0",
        "npm:es-define-property@^1.0.1",
        "npm:es-errors@^1.3.0",
        "npm:eslint-import-resolver-typescript@^3.10.1",
        "npm:eslint-plugin-astro@^1.3.1",
        "npm:eslint-plugin-deprecation@3",
        "npm:eslint-plugin-import@^2.32.0",
        "npm:eslint-plugin-jsx-a11y@^6.10.2",
        "npm:eslint-plugin-perfectionist@^3.9.1",
        "npm:eslint-plugin-regexp@^2.9.0",
        "npm:eslint-plugin-typescript-sort-keys@^3.3.0",
        "npm:eslint@^9.31.0",
        "npm:fetch-blob@4",
        "npm:has-property-descriptors@^1.0.2",
        "npm:lodash-es@^4.17.21",
        "npm:lodash@^4.17.21",
        "npm:marked@^16.1.2",
        "npm:mdast-util-to-string@4",
        "npm:netlify-cli@^23.12.3",
        "npm:node-fetch@^3.3.2",
        "npm:pagefind@^1.3.0",
        "npm:patch-package@^8.0.1",
        "npm:postcss-html@^1.8.0",
        "npm:postcss-import@^16.1.1",
        "npm:postcss@^8.4.35",
        "npm:prettier-plugin-astro@0.14.1",
        "npm:prettier-plugin-tailwindcss@~0.5.12",
        "npm:prettier@^3.6.2",
        "npm:qs@^6.14.0",
        "npm:react-color@^2.19.3",
        "npm:react-colorful@^5.6.1",
        "npm:react-dom@19.1.0",
        "npm:react@19.1.0",
        "npm:rehype-external-links@3",
        "npm:rss-parser@^3.13.0",
        "npm:set-function-length@^1.2.2",
        "npm:sharp@~0.34.3",
        "npm:stripe@^10.3.0",
        "npm:tailwindcss@^3.4.1",
        "npm:typescript@^5.8.3",
        "npm:workbox-window@^7.3.0",
        "npm:yaml@^2.8.0",
        "npm:yet-another-react-lightbox@^3.25.0"
      ]
    }
  }
}
